
Microsoft Visual Studio Solution File, Format Version 12.00
# Visual Studio 14
VisualStudioVersion = 14.0.25420.1
MinimumVisualStudioVersion = 10.0.40219.1
Project("{FAE04EC0-301F-11D3-BF4B-00C04F79EFBC}") = "GL", "GL\GL.csproj", "{0610D63C-6C3C-453C-B172-C19F16F0D614}"
EndProject
Project("{FAE04EC0-301F-11D3-BF4B-00C04F79EFBC}") = "GL.Tests", "GL.Tests\GL.Tests.csproj", "{1E9679BA-3950-4669-B88D-371E84B77AC3}"
EndProject
Global
	GlobalSection(SolutionConfigurationPlatforms) = preSolution
		Debug|Any CPU = Debug|Any CPU
		Release|Any CPU = Release|Any CPU
	EndGlobalSection
	GlobalSection(ProjectConfigurationPlatforms) = postSolution
		{0610D63C-6C3C-453C-B172-C19F16F0D614}.Debug|Any CPU.ActiveCfg = Debug|Any CPU
		{0610D63C-6C3C-453C-B172-C19F16F0D614}.Debug|Any CPU.Build.0 = Debug|Any CPU
		{0610D63C-6C3C-453C-B172-C19F16F0D614}.Release|Any CPU.ActiveCfg = Release|Any CPU
		{0610D63C-6C3C-453C-B172-C19F16F0D614}.Release|Any CPU.Build.0 = Release|Any CPU
		{1E9679BA-3950-4669-B88D-371E84B77AC3}.Debug|Any CPU.ActiveCfg = Debug|Any CPU
		{1E9679BA-3950-4669-B88D-371E84B77AC3}.Debug|Any CPU.Build.0 = Debug|Any CPU
		{1E9679BA-3950-4669-B88D-371E84B77AC3}.Release|Any CPU.ActiveCfg = Release|Any CPU
		{1E9679BA-3950-4669-B88D-371E84B77AC3}.Release|Any CPU.Build.0 = Release|Any CPU
	EndGlobalSection
	GlobalSection(SolutionProperties) = preSolution
		HideSolutionNode = FALSE
	EndGlobalSection
EndGlobal
